{
    "_readme": [
        "This file locks the dependencies of your project to a known state",
        "Read more about it at https://getcomposer.org/doc/01-basic-usage.md#installing-dependencies",
        "This file is @generated automatically"
    ],
    "content-hash": "5d1ad43b8de0d10e6969a1f90e88ced6",
    "packages": [
        {
            "name": "losthost/self-testing-suite",
            "version": "v1.1.0",
            "source": {
                "type": "git",
                "url": "https://github.com/Datahider/lhTestingSuite.git",
                "reference": "65404736a00189811a11f901a22a9597edad7bb0"
            },
            "dist": {
                "type": "zip",
                "url": "https://api.github.com/repos/Datahider/lhTestingSuite/zipball/65404736a00189811a11f901a22a9597edad7bb0",
                "reference": "65404736a00189811a11f901a22a9597edad7bb0",
                "shasum": ""
            },
            "require": {
                "php": ">=8.2.10"
            },
            "type": "library",
            "autoload": {
                "psr-4": {
                    "losthost\\SelfTestingSuite\\": "src"
                }
            },
            "notification-url": "https://packagist.org/downloads/",
            "authors": [
                {
                    "name": "Petros Ioannidis",
                    "email": "pio@pio.su"
                }
            ],
            "description": "A parrent class for self-testing classes",
            "support": {
                "issues": "https://github.com/Datahider/lhTestingSuite/issues",
                "source": "https://github.com/Datahider/lhTestingSuite/tree/v1.1.0"
            },
            "time": "2023-09-16T14:42:11+00:00"
        }
    ],
    "packages-dev": [],
    "aliases": [],
    "minimum-stability": "stable",
    "stability-flags": [],
    "prefer-stable": false,
    "prefer-lowest": false,
    "platform": {
        "php": ">=8.2.10"
    },
    "platform-dev": [],
    "plugin-api-version": "2.3.0"
}
