{
    "_readme": [
        "This file locks the dependencies of your project to a known state",
        "Read more about it at https://getcomposer.org/doc/01-basic-usage.md#installing-dependencies",
        "This file is @generated automatically"
    ],
    "content-hash": "92e3da42b381b3326791db53c7f6753d",
    "packages": [
        {
            "name": "losthost/self-testing-suite",
            "version": "1.0.4",
            "source": {
                "type": "git",
                "url": "https://github.com/Datahider/lhTestingSuite.git",
                "reference": "664ea58491888d35ebb727630f7db7628d2db95b"
            },
            "dist": {
                "type": "zip",
                "url": "https://api.github.com/repos/Datahider/lhTestingSuite/zipball/664ea58491888d35ebb727630f7db7628d2db95b",
                "reference": "664ea58491888d35ebb727630f7db7628d2db95b",
                "shasum": ""
            },
            "require": {
                "php": ">=8.0.0"
            },
            "type": "library",
            "autoload": {
                "psr-4": {
                    "losthost\\SelfTestingSuite\\": "src"
                }
            },
            "notification-url": "https://packagist.org/downloads/",
            "authors": [
                {
                    "name": "Petros Ioannidis",
                    "email": "pio@pio.su"
                }
            ],
            "description": "A parrent class for self-testing classes",
            "support": {
                "issues": "https://github.com/Datahider/lhTestingSuite/issues",
                "source": "https://github.com/Datahider/lhTestingSuite/tree/1.0.4"
            },
            "time": "2023-09-04T05:48:36+00:00"
        }
    ],
    "packages-dev": [],
    "aliases": [],
    "minimum-stability": "stable",
    "stability-flags": [],
    "prefer-stable": false,
    "prefer-lowest": false,
    "platform": {
        "php": ">=7.4.0"
    },
    "platform-dev": [],
    "plugin-api-version": "2.3.0"
}
